// !$*UTF8*$!
{
	archiveVersion = 1;
	classes = {
	};
	objectVersion = 55;
	objects = {

/* Begin PBXBuildFile section */
		037DA764281A54E200D065C0 /* CurrentViewController.swift in Sources */ = {isa = PBXBuildFile; fileRef = 037DA763281A54E200D065C0 /* CurrentViewController.swift */; };
		037DA766281A54EF00D065C0 /* NextViewController.swift in Sources */ = {isa = PBXBuildFile; fileRef = 037DA765281A54EF00D065C0 /* NextViewController.swift */; };
		037DA769281A8BB500D065C0 /* SheetPresentationController.swift in Sources */ = {isa = PBXBuildFile; fileRef = 037DA768281A8BB500D065C0 /* SheetPresentationController.swift */; };
		037DA76B281BA42600D065C0 /* SheetPresentationAnimatedTransitioning.swift in Sources */ = {isa = PBXBuildFile; fileRef = 037DA76A281BA42600D065C0 /* SheetPresentationAnimatedTransitioning.swift */; };
		037DA770281FBF2D00D065C0 /* DimmingView.swift in Sources */ = {isa = PBXBuildFile; fileRef = 037DA76F281FBF2D00D065C0 /* DimmingView.swift */; };
		037DA772281FBF4600D065C0 /* SheetContainerView.swift in Sources */ = {isa = PBXBuildFile; fileRef = 037DA771281FBF4600D065C0 /* SheetContainerView.swift */; };
		037DA774281FC22000D065C0 /* SheetPresentable.swift in Sources */ = {isa = PBXBuildFile; fileRef = 037DA773281FC22000D065C0 /* SheetPresentable.swift */; };
		037DA776281FC6AF00D065C0 /* SheetPresentationAnimator.swift in Sources */ = {isa = PBXBuildFile; fileRef = 037DA775281FC6AF00D065C0 /* SheetPresentationAnimator.swift */; };
		037DA7782824C03D00D065C0 /* SheetPresentable+Defaults.swift in Sources */ = {isa = PBXBuildFile; fileRef = 037DA7772824C03D00D065C0 /* SheetPresentable+Defaults.swift */; };
		037DA77A282519C800D065C0 /* SheetTransitioningDelegate.swift in Sources */ = {isa = PBXBuildFile; fileRef = 037DA779282519C800D065C0 /* SheetTransitioningDelegate.swift */; };
		037DA77C282A522200D065C0 /* SheetPresenter.swift in Sources */ = {isa = PBXBuildFile; fileRef = 037DA77B282A522200D065C0 /* SheetPresenter.swift */; };
		037DA77F282BA02100D065C0 /* SelectionCollectionView.swift in Sources */ = {isa = PBXBuildFile; fileRef = 037DA77E282BA02100D065C0 /* SelectionCollectionView.swift */; };
		0391051528163493001E129E /* ExViewController.swift in Sources */ = {isa = PBXBuildFile; fileRef = 0391051428163493001E129E /* ExViewController.swift */; };
		03910517281634A3001E129E /* Ex2ViewController.swift in Sources */ = {isa = PBXBuildFile; fileRef = 03910516281634A3001E129E /* Ex2ViewController.swift */; };
		0391051928165A1F001E129E /* ExCell.swift in Sources */ = {isa = PBXBuildFile; fileRef = 0391051828165A1F001E129E /* ExCell.swift */; };
		0391051B28178327001E129E /* BadgeView.swift in Sources */ = {isa = PBXBuildFile; fileRef = 0391051A28178327001E129E /* BadgeView.swift */; };
		0391051D28178941001E129E /* BackgroundDecorationView.swift in Sources */ = {isa = PBXBuildFile; fileRef = 0391051C28178941001E129E /* BackgroundDecorationView.swift */; };
		0391051F28178FC0001E129E /* ExHeaderFooterView.swift in Sources */ = {isa = PBXBuildFile; fileRef = 0391051E28178FC0001E129E /* ExHeaderFooterView.swift */; };
		039EBBD02810E8B900F676A8 /* AppDelegate.swift in Sources */ = {isa = PBXBuildFile; fileRef = 039EBBCF2810E8B900F676A8 /* AppDelegate.swift */; };
		039EBBD22810E8B900F676A8 /* SceneDelegate.swift in Sources */ = {isa = PBXBuildFile; fileRef = 039EBBD12810E8B900F676A8 /* SceneDelegate.swift */; };
		039EBBD42810E8B900F676A8 /* ViewController.swift in Sources */ = {isa = PBXBuildFile; fileRef = 039EBBD32810E8B900F676A8 /* ViewController.swift */; };
		039EBBD72810E8B900F676A8 /* Main.storyboard in Resources */ = {isa = PBXBuildFile; fileRef = 039EBBD52810E8B900F676A8 /* Main.storyboard */; };
		039EBBD92810E8BD00F676A8 /* Assets.xcassets in Resources */ = {isa = PBXBuildFile; fileRef = 039EBBD82810E8BD00F676A8 /* Assets.xcassets */; };
		039EBBDC2810E8BD00F676A8 /* LaunchScreen.storyboard in Resources */ = {isa = PBXBuildFile; fileRef = 039EBBDA2810E8BD00F676A8 /* LaunchScreen.storyboard */; };
		BB7AF95F282CDABA00150961 /* XButton.swift in Sources */ = {isa = PBXBuildFile; fileRef = BB7AF95E282CDABA00150961 /* XButton.swift */; };
		BB7AF962282CDFE400150961 /* TopHeaderView.swift in Sources */ = {isa = PBXBuildFile; fileRef = BB7AF961282CDFE400150961 /* TopHeaderView.swift */; };
		BB7AF964282CF12000150961 /* ContentCollectionView.swift in Sources */ = {isa = PBXBuildFile; fileRef = BB7AF963282CF12000150961 /* ContentCollectionView.swift */; };
		BB7AF966282D191700150961 /* TitleSelectionCell.swift in Sources */ = {isa = PBXBuildFile; fileRef = BB7AF965282D191700150961 /* TitleSelectionCell.swift */; };
		BB7AF968282D1CF000150961 /* SheetViewController.swift in Sources */ = {isa = PBXBuildFile; fileRef = BB7AF967282D1CF000150961 /* SheetViewController.swift */; };
/* End PBXBuildFile section */

/* Begin PBXFileReference section */
		037DA763281A54E200D065C0 /* CurrentViewController.swift */ = {isa = PBXFileReference; lastKnownFileType = sourcecode.swift; path = CurrentViewController.swift; sourceTree = "<group>"; };
		037DA765281A54EF00D065C0 /* NextViewController.swift */ = {isa = PBXFileReference; lastKnownFileType = sourcecode.swift; path = NextViewController.swift; sourceTree = "<group>"; };
		037DA768281A8BB500D065C0 /* SheetPresentationController.swift */ = {isa = PBXFileReference; lastKnownFileType = sourcecode.swift; path = SheetPresentationController.swift; sourceTree = "<group>"; };
		037DA76A281BA42600D065C0 /* SheetPresentationAnimatedTransitioning.swift */ = {isa = PBXFileReference; lastKnownFileType = sourcecode.swift; path = SheetPresentationAnimatedTransitioning.swift; sourceTree = "<group>"; };
		037DA76F281FBF2D00D065C0 /* DimmingView.swift */ = {isa = PBXFileReference; lastKnownFileType = sourcecode.swift; path = DimmingView.swift; sourceTree = "<group>"; };
		037DA771281FBF4600D065C0 /* SheetContainerView.swift */ = {isa = PBXFileReference; lastKnownFileType = sourcecode.swift; path = SheetContainerView.swift; sourceTree = "<group>"; };
		037DA773281FC22000D065C0 /* SheetPresentable.swift */ = {isa = PBXFileReference; lastKnownFileType = sourcecode.swift; path = SheetPresentable.swift; sourceTree = "<group>"; };
		037DA775281FC6AF00D065C0 /* SheetPresentationAnimator.swift */ = {isa = PBXFileReference; lastKnownFileType = sourcecode.swift; path = SheetPresentationAnimator.swift; sourceTree = "<group>"; };
		037DA7772824C03D00D065C0 /* SheetPresentable+Defaults.swift */ = {isa = PBXFileReference; lastKnownFileType = sourcecode.swift; path = "SheetPresentable+Defaults.swift"; sourceTree = "<group>"; };
		037DA779282519C800D065C0 /* SheetTransitioningDelegate.swift */ = {isa = PBXFileReference; lastKnownFileType = sourcecode.swift; path = SheetTransitioningDelegate.swift; sourceTree = "<group>"; };
		037DA77B282A522200D065C0 /* SheetPresenter.swift */ = {isa = PBXFileReference; lastKnownFileType = sourcecode.swift; path = SheetPresenter.swift; sourceTree = "<group>"; };
		037DA77E282BA02100D065C0 /* SelectionCollectionView.swift */ = {isa = PBXFileReference; lastKnownFileType = sourcecode.swift; path = SelectionCollectionView.swift; sourceTree = "<group>"; };
		0391051428163493001E129E /* ExViewController.swift */ = {isa = PBXFileReference; lastKnownFileType = sourcecode.swift; path = ExViewController.swift; sourceTree = "<group>"; };
		03910516281634A3001E129E /* Ex2ViewController.swift */ = {isa = PBXFileReference; lastKnownFileType = sourcecode.swift; path = Ex2ViewController.swift; sourceTree = "<group>"; };
		0391051828165A1F001E129E /* ExCell.swift */ = {isa = PBXFileReference; lastKnownFileType = sourcecode.swift; path = ExCell.swift; sourceTree = "<group>"; };
		0391051A28178327001E129E /* BadgeView.swift */ = {isa = PBXFileReference; lastKnownFileType = sourcecode.swift; path = BadgeView.swift; sourceTree = "<group>"; };
		0391051C28178941001E129E /* BackgroundDecorationView.swift */ = {isa = PBXFileReference; lastKnownFileType = sourcecode.swift; path = BackgroundDecorationView.swift; sourceTree = "<group>"; };
		0391051E28178FC0001E129E /* ExHeaderFooterView.swift */ = {isa = PBXFileReference; lastKnownFileType = sourcecode.swift; path = ExHeaderFooterView.swift; sourceTree = "<group>"; };
		039EBBCC2810E8B900F676A8 /* PlayXcode.app */ = {isa = PBXFileReference; explicitFileType = wrapper.application; includeInIndex = 0; path = PlayXcode.app; sourceTree = BUILT_PRODUCTS_DIR; };
		039EBBCF2810E8B900F676A8 /* AppDelegate.swift */ = {isa = PBXFileReference; lastKnownFileType = sourcecode.swift; path = AppDelegate.swift; sourceTree = "<group>"; };
		039EBBD12810E8B900F676A8 /* SceneDelegate.swift */ = {isa = PBXFileReference; lastKnownFileType = sourcecode.swift; path = SceneDelegate.swift; sourceTree = "<group>"; };
		039EBBD32810E8B900F676A8 /* ViewController.swift */ = {isa = PBXFileReference; lastKnownFileType = sourcecode.swift; path = ViewController.swift; sourceTree = "<group>"; };
		039EBBD62810E8B900F676A8 /* Base */ = {isa = PBXFileReference; lastKnownFileType = file.storyboard; name = Base; path = Base.lproj/Main.storyboard; sourceTree = "<group>"; };
		039EBBD82810E8BD00F676A8 /* Assets.xcassets */ = {isa = PBXFileReference; lastKnownFileType = folder.assetcatalog; path = Assets.xcassets; sourceTree = "<group>"; };
		039EBBDB2810E8BD00F676A8 /* Base */ = {isa = PBXFileReference; lastKnownFileType = file.storyboard; name = Base; path = Base.lproj/LaunchScreen.storyboard; sourceTree = "<group>"; };
		039EBBDD2810E8BD00F676A8 /* Info.plist */ = {isa = PBXFileReference; lastKnownFileType = text.plist.xml; path = Info.plist; sourceTree = "<group>"; };
		BB7AF95E282CDABA00150961 /* XButton.swift */ = {isa = PBXFileReference; lastKnownFileType = sourcecode.swift; path = XButton.swift; sourceTree = "<group>"; };
		BB7AF961282CDFE400150961 /* TopHeaderView.swift */ = {isa = PBXFileReference; lastKnownFileType = sourcecode.swift; path = TopHeaderView.swift; sourceTree = "<group>"; };
		BB7AF963282CF12000150961 /* ContentCollectionView.swift */ = {isa = PBXFileReference; lastKnownFileType = sourcecode.swift; path = ContentCollectionView.swift; sourceTree = "<group>"; };
		BB7AF965282D191700150961 /* TitleSelectionCell.swift */ = {isa = PBXFileReference; lastKnownFileType = sourcecode.swift; path = TitleSelectionCell.swift; sourceTree = "<group>"; };
		BB7AF967282D1CF000150961 /* SheetViewController.swift */ = {isa = PBXFileReference; lastKnownFileType = sourcecode.swift; path = SheetViewController.swift; sourceTree = "<group>"; };
/* End PBXFileReference section */

/* Begin PBXFrameworksBuildPhase section */
		039EBBC92810E8B900F676A8 /* Frameworks */ = {
			isa = PBXFrameworksBuildPhase;
			buildActionMask = 2147483647;
			files = (
			);
			runOnlyForDeploymentPostprocessing = 0;
		};
/* End PBXFrameworksBuildPhase section */

/* Begin PBXGroup section */
		037DA762281A548A00D065C0 /* PresentationEx */ = {
			isa = PBXGroup;
			children = (
				037DA77D282B911E00D065C0 /* CollectionView */,
				037DA76E281FBF0600D065C0 /* View */,
				037DA767281A8AD200D065C0 /* Presentation */,
			);
			path = PresentationEx;
			sourceTree = "<group>";
		};
		037DA767281A8AD200D065C0 /* Presentation */ = {
			isa = PBXGroup;
			children = (
				037DA779282519C800D065C0 /* SheetTransitioningDelegate.swift */,
				037DA76A281BA42600D065C0 /* SheetPresentationAnimatedTransitioning.swift */,
				037DA775281FC6AF00D065C0 /* SheetPresentationAnimator.swift */,
				037DA768281A8BB500D065C0 /* SheetPresentationController.swift */,
				037DA773281FC22000D065C0 /* SheetPresentable.swift */,
				037DA7772824C03D00D065C0 /* SheetPresentable+Defaults.swift */,
				037DA77B282A522200D065C0 /* SheetPresenter.swift */,
			);
			path = Presentation;
			sourceTree = "<group>";
		};
		037DA76E281FBF0600D065C0 /* View */ = {
			isa = PBXGroup;
			children = (
				BB7AF95E282CDABA00150961 /* XButton.swift */,
				BB7AF961282CDFE400150961 /* TopHeaderView.swift */,
				037DA76F281FBF2D00D065C0 /* DimmingView.swift */,
				037DA771281FBF4600D065C0 /* SheetContainerView.swift */,
				BB7AF963282CF12000150961 /* ContentCollectionView.swift */,
				BB7AF965282D191700150961 /* TitleSelectionCell.swift */,
			);
			path = View;
			sourceTree = "<group>";
		};
		037DA77D282B911E00D065C0 /* CollectionView */ = {
			isa = PBXGroup;
			children = (
				037DA77E282BA02100D065C0 /* SelectionCollectionView.swift */,
			);
			path = CollectionView;
			sourceTree = "<group>";
		};
		0391051228163452001E129E /* BasicEx */ = {
			isa = PBXGroup;
			children = (
				039EBBD32810E8B900F676A8 /* ViewController.swift */,
			);
			path = BasicEx;
			sourceTree = "<group>";
		};
		0391051328163461001E129E /* CollectionEx */ = {
			isa = PBXGroup;
			children = (
				0391051828165A1F001E129E /* ExCell.swift */,
				0391051A28178327001E129E /* BadgeView.swift */,
				0391051C28178941001E129E /* BackgroundDecorationView.swift */,
				0391051E28178FC0001E129E /* ExHeaderFooterView.swift */,
			);
			path = CollectionEx;
			sourceTree = "<group>";
		};
		039EBBC32810E8B900F676A8 = {
			isa = PBXGroup;
			children = (
				039EBBCE2810E8B900F676A8 /* PlayXcode */,
				039EBBCD2810E8B900F676A8 /* Products */,
			);
			sourceTree = "<group>";
		};
		039EBBCD2810E8B900F676A8 /* Products */ = {
			isa = PBXGroup;
			children = (
				039EBBCC2810E8B900F676A8 /* PlayXcode.app */,
			);
			name = Products;
			sourceTree = "<group>";
		};
		039EBBCE2810E8B900F676A8 /* PlayXcode */ = {
			isa = PBXGroup;
			children = (
				BB7AF960282CDF8B00150961 /* ViewController */,
				037DA762281A548A00D065C0 /* PresentationEx */,
				0391051328163461001E129E /* CollectionEx */,
				0391051228163452001E129E /* BasicEx */,
				039EBBCF2810E8B900F676A8 /* AppDelegate.swift */,
				039EBBD12810E8B900F676A8 /* SceneDelegate.swift */,
				039EBBD52810E8B900F676A8 /* Main.storyboard */,
				039EBBD82810E8BD00F676A8 /* Assets.xcassets */,
				039EBBDA2810E8BD00F676A8 /* LaunchScreen.storyboard */,
				039EBBDD2810E8BD00F676A8 /* Info.plist */,
			);
			path = PlayXcode;
			sourceTree = "<group>";
		};
		BB7AF960282CDF8B00150961 /* ViewController */ = {
			isa = PBXGroup;
			children = (
				0391051428163493001E129E /* ExViewController.swift */,
				03910516281634A3001E129E /* Ex2ViewController.swift */,
				037DA765281A54EF00D065C0 /* NextViewController.swift */,
				037DA763281A54E200D065C0 /* CurrentViewController.swift */,
				BB7AF967282D1CF000150961 /* SheetViewController.swift */,
			);
			path = ViewController;
			sourceTree = "<group>";
		};
/* End PBXGroup section */

/* Begin PBXNativeTarget section */
		039EBBCB2810E8B900F676A8 /* PlayXcode */ = {
			isa = PBXNativeTarget;
			buildConfigurationList = 039EBBE02810E8BD00F676A8 /* Build configuration list for PBXNativeTarget "PlayXcode" */;
			buildPhases = (
				039EBBC82810E8B900F676A8 /* Sources */,
				039EBBC92810E8B900F676A8 /* Frameworks */,
				039EBBCA2810E8B900F676A8 /* Resources */,
			);
			buildRules = (
			);
			dependencies = (
			);
			name = PlayXcode;
			productName = PlayXcode;
			productReference = 039EBBCC2810E8B900F676A8 /* PlayXcode.app */;
			productType = "com.apple.product-type.application";
		};
/* End PBXNativeTarget section */

/* Begin PBXProject section */
		039EBBC42810E8B900F676A8 /* Project object */ = {
			isa = PBXProject;
			attributes = {
				BuildIndependentTargetsInParallel = 1;
				LastSwiftUpdateCheck = 1330;
				LastUpgradeCheck = 1330;
				TargetAttributes = {
					039EBBCB2810E8B900F676A8 = {
						CreatedOnToolsVersion = 13.3;
					};
				};
			};
			buildConfigurationList = 039EBBC72810E8B900F676A8 /* Build configuration list for PBXProject "PlayXcode" */;
			compatibilityVersion = "Xcode 13.0";
			developmentRegion = en;
			hasScannedForEncodings = 0;
			knownRegions = (
				en,
				Base,
			);
			mainGroup = 039EBBC32810E8B900F676A8;
			productRefGroup = 039EBBCD2810E8B900F676A8 /* Products */;
			projectDirPath = "";
			projectRoot = "";
			targets = (
				039EBBCB2810E8B900F676A8 /* PlayXcode */,
			);
		};
/* End PBXProject section */

/* Begin PBXResourcesBuildPhase section */
		039EBBCA2810E8B900F676A8 /* Resources */ = {
			isa = PBXResourcesBuildPhase;
			buildActionMask = 2147483647;
			files = (
				039EBBDC2810E8BD00F676A8 /* LaunchScreen.storyboard in Resources */,
				039EBBD92810E8BD00F676A8 /* Assets.xcassets in Resources */,
				039EBBD72810E8B900F676A8 /* Main.storyboard in Resources */,
			);
			runOnlyForDeploymentPostprocessing = 0;
		};
/* End PBXResourcesBuildPhase section */

/* Begin PBXSourcesBuildPhase section */
		039EBBC82810E8B900F676A8 /* Sources */ = {
			isa = PBXSourcesBuildPhase;
			buildActionMask = 2147483647;
			files = (
				BB7AF962282CDFE400150961 /* TopHeaderView.swift in Sources */,
				BB7AF964282CF12000150961 /* ContentCollectionView.swift in Sources */,
				037DA77C282A522200D065C0 /* SheetPresenter.swift in Sources */,
				BB7AF95F282CDABA00150961 /* XButton.swift in Sources */,
				037DA77A282519C800D065C0 /* SheetTransitioningDelegate.swift in Sources */,
				037DA764281A54E200D065C0 /* CurrentViewController.swift in Sources */,
				BB7AF966282D191700150961 /* TitleSelectionCell.swift in Sources */,
				0391051928165A1F001E129E /* ExCell.swift in Sources */,
				0391051B28178327001E129E /* BadgeView.swift in Sources */,
				03910517281634A3001E129E /* Ex2ViewController.swift in Sources */,
				037DA776281FC6AF00D065C0 /* SheetPresentationAnimator.swift in Sources */,
				0391051F28178FC0001E129E /* ExHeaderFooterView.swift in Sources */,
				037DA766281A54EF00D065C0 /* NextViewController.swift in Sources */,
				037DA7782824C03D00D065C0 /* SheetPresentable+Defaults.swift in Sources */,
				039EBBD42810E8B900F676A8 /* ViewController.swift in Sources */,
				0391051D28178941001E129E /* BackgroundDecorationView.swift in Sources */,
				037DA769281A8BB500D065C0 /* SheetPresentationController.swift in Sources */,
				0391051528163493001E129E /* ExViewController.swift in Sources */,
				037DA770281FBF2D00D065C0 /* DimmingView.swift in Sources */,
				039EBBD02810E8B900F676A8 /* AppDelegate.swift in Sources */,
				037DA77F282BA02100D065C0 /* SelectionCollectionView.swift in Sources */,
				037DA76B281BA42600D065C0 /* SheetPresentationAnimatedTransitioning.swift in Sources */,
				BB7AF968282D1CF000150961 /* SheetViewController.swift in Sources */,
				037DA772281FBF4600D065C0 /* SheetContainerView.swift in Sources */,
				039EBBD22810E8B900F676A8 /* SceneDelegate.swift in Sources */,
				037DA774281FC22000D065C0 /* SheetPresentable.swift in Sources */,
			);
			runOnlyForDeploymentPostprocessing = 0;
		};
/* End PBXSourcesBuildPhase section */

/* Begin PBXVariantGroup section */
		039EBBD52810E8B900F676A8 /* Main.storyboard */ = {
			isa = PBXVariantGroup;
			children = (
				039EBBD62810E8B900F676A8 /* Base */,
			);
			name = Main.storyboard;
			sourceTree = "<group>";
		};
		039EBBDA2810E8BD00F676A8 /* LaunchScreen.storyboard */ = {
			isa = PBXVariantGroup;
			children = (
				039EBBDB2810E8BD00F676A8 /* Base */,
			);
			name = LaunchScreen.storyboard;
			sourceTree = "<group>";
		};
/* End PBXVariantGroup section */

/* Begin XCBuildConfiguration section */
		039EBBDE2810E8BD00F676A8 /* Debug */ = {
			isa = XCBuildConfiguration;
			buildSettings = {
				ALWAYS_SEARCH_USER_PATHS = NO;
				CLANG_ANALYZER_NONNULL = YES;
				CLANG_ANALYZER_NUMBER_OBJECT_CONVERSION = YES_AGGRESSIVE;
				CLANG_CXX_LANGUAGE_STANDARD = "gnu++17";
				CLANG_ENABLE_MODULES = YES;
				CLANG_ENABLE_OBJC_ARC = YES;
				CLANG_ENABLE_OBJC_WEAK = YES;
				CLANG_WARN_BLOCK_CAPTURE_AUTORELEASING = YES;
				CLANG_WARN_BOOL_CONVERSION = YES;
				CLANG_WARN_COMMA = YES;
				CLANG_WARN_CONSTANT_CONVERSION = YES;
				CLANG_WARN_DEPRECATED_OBJC_IMPLEMENTATIONS = YES;
				CLANG_WARN_DIRECT_OBJC_ISA_USAGE = YES_ERROR;
				CLANG_WARN_DOCUMENTATION_COMMENTS = YES;
				CLANG_WARN_EMPTY_BODY = YES;
				CLANG_WARN_ENUM_CONVERSION = YES;
				CLANG_WARN_INFINITE_RECURSION = YES;
				CLANG_WARN_INT_CONVERSION = YES;
				CLANG_WARN_NON_LITERAL_NULL_CONVERSION = YES;
				CLANG_WARN_OBJC_IMPLICIT_RETAIN_SELF = YES;
				CLANG_WARN_OBJC_LITERAL_CONVERSION = YES;
				CLANG_WARN_OBJC_ROOT_CLASS = YES_ERROR;
				CLANG_WARN_QUOTED_INCLUDE_IN_FRAMEWORK_HEADER = YES;
				CLANG_WARN_RANGE_LOOP_ANALYSIS = YES;
				CLANG_WARN_STRICT_PROTOTYPES = YES;
				CLANG_WARN_SUSPICIOUS_MOVE = YES;
				CLANG_WARN_UNGUARDED_AVAILABILITY = YES_AGGRESSIVE;
				CLANG_WARN_UNREACHABLE_CODE = YES;
				CLANG_WARN__DUPLICATE_METHOD_MATCH = YES;
				COPY_PHASE_STRIP = NO;
				DEBUG_INFORMATION_FORMAT = dwarf;
				ENABLE_STRICT_OBJC_MSGSEND = YES;
				ENABLE_TESTABILITY = YES;
				GCC_C_LANGUAGE_STANDARD = gnu11;
				GCC_DYNAMIC_NO_PIC = NO;
				GCC_NO_COMMON_BLOCKS = YES;
				GCC_OPTIMIZATION_LEVEL = 0;
				GCC_PREPROCESSOR_DEFINITIONS = (
					"DEBUG=1",
					"$(inherited)",
				);
				GCC_WARN_64_TO_32_BIT_CONVERSION = YES;
				GCC_WARN_ABOUT_RETURN_TYPE = YES_ERROR;
				GCC_WARN_UNDECLARED_SELECTOR = YES;
				GCC_WARN_UNINITIALIZED_AUTOS = YES_AGGRESSIVE;
				GCC_WARN_UNUSED_FUNCTION = YES;
				GCC_WARN_UNUSED_VARIABLE = YES;
				IPHONEOS_DEPLOYMENT_TARGET = 13.0;
				MTL_ENABLE_DEBUG_INFO = INCLUDE_SOURCE;
				MTL_FAST_MATH = YES;
				ONLY_ACTIVE_ARCH = YES;
				SDKROOT = iphoneos;
				SWIFT_ACTIVE_COMPILATION_CONDITIONS = DEBUG;
				SWIFT_OPTIMIZATION_LEVEL = "-Onone";
			};
			name = Debug;
		};
		039EBBDF2810E8BD00F676A8 /* Release */ = {
			isa = XCBuildConfiguration;
			buildSettings = {
				ALWAYS_SEARCH_USER_PATHS = NO;
				CLANG_ANALYZER_NONNULL = YES;
				CLANG_ANALYZER_NUMBER_OBJECT_CONVERSION = YES_AGGRESSIVE;
				CLANG_CXX_LANGUAGE_STANDARD = "gnu++17";
				CLANG_ENABLE_MODULES = YES;
				CLANG_ENABLE_OBJC_ARC = YES;
				CLANG_ENABLE_OBJC_WEAK = YES;
				CLANG_WARN_BLOCK_CAPTURE_AUTORELEASING = YES;
				CLANG_WARN_BOOL_CONVERSION = YES;
				CLANG_WARN_COMMA = YES;
				CLANG_WARN_CONSTANT_CONVERSION = YES;
				CLANG_WARN_DEPRECATED_OBJC_IMPLEMENTATIONS = YES;
				CLANG_WARN_DIRECT_OBJC_ISA_USAGE = YES_ERROR;
				CLANG_WARN_DOCUMENTATION_COMMENTS = YES;
				CLANG_WARN_EMPTY_BODY = YES;
				CLANG_WARN_ENUM_CONVERSION = YES;
				CLANG_WARN_INFINITE_RECURSION = YES;
				CLANG_WARN_INT_CONVERSION = YES;
				CLANG_WARN_NON_LITERAL_NULL_CONVERSION = YES;
				CLANG_WARN_OBJC_IMPLICIT_RETAIN_SELF = YES;
				CLANG_WARN_OBJC_LITERAL_CONVERSION = YES;
				CLANG_WARN_OBJC_ROOT_CLASS = YES_ERROR;
				CLANG_WARN_QUOTED_INCLUDE_IN_FRAMEWORK_HEADER = YES;
				CLANG_WARN_RANGE_LOOP_ANALYSIS = YES;
				CLANG_WARN_STRICT_PROTOTYPES = YES;
				CLANG_WARN_SUSPICIOUS_MOVE = YES;
				CLANG_WARN_UNGUARDED_AVAILABILITY = YES_AGGRESSIVE;
				CLANG_WARN_UNREACHABLE_CODE = YES;
				CLANG_WARN__DUPLICATE_METHOD_MATCH = YES;
				COPY_PHASE_STRIP = NO;
				DEBUG_INFORMATION_FORMAT = "dwarf-with-dsym";
				ENABLE_NS_ASSERTIONS = NO;
				ENABLE_STRICT_OBJC_MSGSEND = YES;
				GCC_C_LANGUAGE_STANDARD = gnu11;
				GCC_NO_COMMON_BLOCKS = YES;
				GCC_WARN_64_TO_32_BIT_CONVERSION = YES;
				GCC_WARN_ABOUT_RETURN_TYPE = YES_ERROR;
				GCC_WARN_UNDECLARED_SELECTOR = YES;
				GCC_WARN_UNINITIALIZED_AUTOS = YES_AGGRESSIVE;
				GCC_WARN_UNUSED_FUNCTION = YES;
				GCC_WARN_UNUSED_VARIABLE = YES;
				IPHONEOS_DEPLOYMENT_TARGET = 13.0;
				MTL_ENABLE_DEBUG_INFO = NO;
				MTL_FAST_MATH = YES;
				SDKROOT = iphoneos;
				SWIFT_COMPILATION_MODE = wholemodule;
				SWIFT_OPTIMIZATION_LEVEL = "-O";
				VALIDATE_PRODUCT = YES;
			};
			name = Release;
		};
		039EBBE12810E8BD00F676A8 /* Debug */ = {
			isa = XCBuildConfiguration;
			buildSettings = {
				ASSETCATALOG_COMPILER_APPICON_NAME = AppIcon;
				ASSETCATALOG_COMPILER_GLOBAL_ACCENT_COLOR_NAME = AccentColor;
				CODE_SIGN_STYLE = Automatic;
				CURRENT_PROJECT_VERSION = 1;
				DEVELOPMENT_TEAM = UJW8376355;
				GENERATE_INFOPLIST_FILE = YES;
				INFOPLIST_FILE = PlayXcode/Info.plist;
				INFOPLIST_KEY_UIApplicationSupportsIndirectInputEvents = YES;
				INFOPLIST_KEY_UILaunchStoryboardName = LaunchScreen;
				INFOPLIST_KEY_UIMainStoryboardFile = Main;
				INFOPLIST_KEY_UISupportedInterfaceOrientations_iPad = "UIInterfaceOrientationPortrait UIInterfaceOrientationPortraitUpsideDown UIInterfaceOrientationLandscapeLeft UIInterfaceOrientationLandscapeRight";
				INFOPLIST_KEY_UISupportedInterfaceOrientations_iPhone = "UIInterfaceOrientationPortrait UIInterfaceOrientationLandscapeLeft UIInterfaceOrientationLandscapeRight";
				LD_RUNPATH_SEARCH_PATHS = (
					"$(inherited)",
					"@executable_path/Frameworks",
				);
				MARKETING_VERSION = 1.0;
				PRODUCT_BUNDLE_IDENTIFIER = com.qanda.mint.PlayXcode;
				PRODUCT_NAME = "$(TARGET_NAME)";
				SWIFT_EMIT_LOC_STRINGS = YES;
				SWIFT_VERSION = 5.0;
				TARGETED_DEVICE_FAMILY = "1,2";
			};
			name = Debug;
		};
		039EBBE22810E8BD00F676A8 /* Release */ = {
			isa = XCBuildConfiguration;
			buildSettings = {
				ASSETCATALOG_COMPILER_APPICON_NAME = AppIcon;
				ASSETCATALOG_COMPILER_GLOBAL_ACCENT_COLOR_NAME = AccentColor;
				CODE_SIGN_STYLE = Automatic;
				CURRENT_PROJECT_VERSION = 1;
				DEVELOPMENT_TEAM = UJW8376355;
				GENERATE_INFOPLIST_FILE = YES;
				INFOPLIST_FILE = PlayXcode/Info.plist;
				INFOPLIST_KEY_UIApplicationSupportsIndirectInputEvents = YES;
				INFOPLIST_KEY_UILaunchStoryboardName = LaunchScreen;
				INFOPLIST_KEY_UIMainStoryboardFile = Main;
				INFOPLIST_KEY_UISupportedInterfaceOrientations_iPad = "UIInterfaceOrientationPortrait UIInterfaceOrientationPortraitUpsideDown UIInterfaceOrientationLandscapeLeft UIInterfaceOrientationLandscapeRight";
				INFOPLIST_KEY_UISupportedInterfaceOrientations_iPhone = "UIInterfaceOrientationPortrait UIInterfaceOrientationLandscapeLeft UIInterfaceOrientationLandscapeRight";
				LD_RUNPATH_SEARCH_PATHS = (
					"$(inherited)",
					"@executable_path/Frameworks",
				);
				MARKETING_VERSION = 1.0;
				PRODUCT_BUNDLE_IDENTIFIER = com.qanda.mint.PlayXcode;
				PRODUCT_NAME = "$(TARGET_NAME)";
				SWIFT_EMIT_LOC_STRINGS = YES;
				SWIFT_VERSION = 5.0;
				TARGETED_DEVICE_FAMILY = "1,2";
			};
			name = Release;
		};
/* End XCBuildConfiguration section */

/* Begin XCConfigurationList section */
		039EBBC72810E8B900F676A8 /* Build configuration list for PBXProject "PlayXcode" */ = {
			isa = XCConfigurationList;
			buildConfigurations = (
				039EBBDE2810E8BD00F676A8 /* Debug */,
				039EBBDF2810E8BD00F676A8 /* Release */,
			);
			defaultConfigurationIsVisible = 0;
			defaultConfigurationName = Release;
		};
		039EBBE02810E8BD00F676A8 /* Build configuration list for PBXNativeTarget "PlayXcode" */ = {
			isa = XCConfigurationList;
			buildConfigurations = (
				039EBBE12810E8BD00F676A8 /* Debug */,
				039EBBE22810E8BD00F676A8 /* Release */,
			);
			defaultConfigurationIsVisible = 0;
			defaultConfigurationName = Release;
		};
/* End XCConfigurationList section */
	};
	rootObject = 039EBBC42810E8B900F676A8 /* Project object */;
}
